
Microsoft Visual Studio Solution File, Format Version 12.00
# Visual Studio Version 16
VisualStudioVersion = 16.0.31605.320
MinimumVisualStudioVersion = 10.0.40219.1
Project("{FAE04EC0-301F-11D3-BF4B-00C04F79EFBC}") = "NebulaGenerator", "NebulaGenerator.csproj", "{4AC0F1A2-0713-4061-B3F6-9EE4831F16B2}"
EndProject
Global
	GlobalSection(SolutionConfigurationPlatforms) = preSolution
		Debug|Any CPU = Debug|Any CPU
		Release|Any CPU = Release|Any CPU
	EndGlobalSection
	GlobalSection(ProjectConfigurationPlatforms) = postSolution
		{4AC0F1A2-0713-4061-B3F6-9EE4831F16B2}.Debug|Any CPU.ActiveCfg = Debug|Any CPU
		{4AC0F1A2-0713-4061-B3F6-9EE4831F16B2}.Debug|Any CPU.Build.0 = Debug|Any CPU
		{4AC0F1A2-0713-4061-B3F6-9EE4831F16B2}.Release|Any CPU.ActiveCfg = Release|Any CPU
		{4AC0F1A2-0713-4061-B3F6-9EE4831F16B2}.Release|Any CPU.Build.0 = Release|Any CPU
	EndGlobalSection
	GlobalSection(SolutionProperties) = preSolution
		HideSolutionNode = FALSE
	EndGlobalSection
	GlobalSection(ExtensibilityGlobals) = postSolution
		SolutionGuid = {E5234CD5-6FF6-478E-BD1C-4D32F9F89511}
	EndGlobalSection
EndGlobal
